
Microsoft Visual Studio Solution File, Format Version 12.00
# Visual Studio Version 17
VisualStudioVersion = 17.13.35931.197
MinimumVisualStudioVersion = 10.0.40219.1
Project("{FAE04EC0-301F-11D3-BF4B-00C04F79EFBC}") = "MasterFileProcessing", "MasterFileProcessing.csproj", "{D8FC849F-5064-438E-8B64-F3E52375CDCA}"
EndProject
Global
	GlobalSection(SolutionConfigurationPlatforms) = preSolution
		Debug|Any CPU = Debug|Any CPU
		Debug|x64 = Debug|x64
		Debug|x86 = Debug|x86
		Release|Any CPU = Release|Any CPU
		Release|x64 = Release|x64
		Release|x86 = Release|x86
	EndGlobalSection
	GlobalSection(ProjectConfigurationPlatforms) = postSolution
		{D8FC849F-5064-438E-8B64-F3E52375CDCA}.Debug|Any CPU.ActiveCfg = Debug|Any CPU
		{D8FC849F-5064-438E-8B64-F3E52375CDCA}.Debug|Any CPU.Build.0 = Debug|Any CPU
		{D8FC849F-5064-438E-8B64-F3E52375CDCA}.Debug|x64.ActiveCfg = Debug|x64
		{D8FC849F-5064-438E-8B64-F3E52375CDCA}.Debug|x64.Build.0 = Debug|x64
		{D8FC849F-5064-438E-8B64-F3E52375CDCA}.Debug|x86.ActiveCfg = Debug|Any CPU
		{D8FC849F-5064-438E-8B64-F3E52375CDCA}.Release|Any CPU.ActiveCfg = Release|Any CPU
		{D8FC849F-5064-438E-8B64-F3E52375CDCA}.Release|Any CPU.Build.0 = Release|Any CPU
		{D8FC849F-5064-438E-8B64-F3E52375CDCA}.Release|Any CPU.Deploy.0 = Release|Any CPU
		{D8FC849F-5064-438E-8B64-F3E52375CDCA}.Release|x64.ActiveCfg = Release|x64
		{D8FC849F-5064-438E-8B64-F3E52375CDCA}.Release|x64.Build.0 = Release|x64
		{D8FC849F-5064-438E-8B64-F3E52375CDCA}.Release|x64.Deploy.0 = Release|x64
		{D8FC849F-5064-438E-8B64-F3E52375CDCA}.Release|x86.ActiveCfg = Release|Any CPU
		{D8FC849F-5064-438E-8B64-F3E52375CDCA}.Release|x86.Deploy.0 = Release|Any CPU
	EndGlobalSection
	GlobalSection(SolutionProperties) = preSolution
		HideSolutionNode = FALSE
	EndGlobalSection
	GlobalSection(ExtensibilityGlobals) = postSolution
		SolutionGuid = {541C257D-EA70-46DF-999D-0ABB395652C8}
	EndGlobalSection
EndGlobal
